{
  "requires": true,
  "lockfileVersion": 1,
  "dependencies": {
    "babel-plugin-prismjs": {
      "version": "2.0.1",
      "resolved": "https://registry.npmjs.org/babel-plugin-prismjs/-/babel-plugin-prismjs-2.0.1.tgz",
      "integrity": "sha512-GqQGa3xX3Z2ft97oDbGvEFoxD8nKqb3ZVszrOc5H7icnEUA56BIjVYm86hfZZA82uuHLwTIfCXbEKzKG1BzKzg=="
    },
    "highlight.js": {
      "version": "10.7.2",
      "resolved": "https://registry.npmjs.org/highlight.js/-/highlight.js-10.7.2.tgz",
      "integrity": "sha512-oFLl873u4usRM9K63j4ME9u3etNF0PLiJhSQ8rdfuL51Wn3zkD6drf9ZW0dOzjnZI22YYG24z30JcmfCZjMgYg=="
    }
  }
}
